<?xml version="1.0" encoding="utf-8"?>
<Project ToolsVersion="4.0" xmlns="http://schemas.microsoft.com/developer/msbuild/2003">
  <ItemGroup>
    <ClCompile Include="Framework\Framework.cpp" />
    <ClCompile Include="Framework\InputMgr.cpp" />
    <ClCompile Include="Framework\Utils.cpp" />
    <ClCompile Include="GameObject\GameObject.cpp" />
    <ClCompile Include="main.cpp" />
    <ClCompile Include="pch.cpp" />
    <ClCompile Include="Scenes\Scene.cpp" />
    <ClCompile Include="Scenes\SceneDev1.cpp" />
    <ClCompile Include="Framework\SceneMgr.cpp" />
    <ClCompile Include="GameObject\SpriteGo.cpp" />
    <ClCompile Include="GameObject\TextGo.cpp" />
    <ClCompile Include="Framework\SoundMgr.cpp" />
    <ClCompile Include="Scenes\Chapter.cpp" />
    <ClCompile Include="GameObject\Box.cpp" />
    <ClCompile Include="GameObject\Player.cpp" />
    <ClCompile Include="GameObject\Demon.cpp" />
    <ClCompile Include="GameObject\Skeleton.cpp" />
    <ClCompile Include="Scenes\TitleScene.cpp" />
    <ClCompile Include="Scenes\CollectDemon.cpp" />
    <ClCompile Include="Scenes\Pause.cpp" />
    <ClCompile Include="Framework\Animator.cpp" />
    <ClCompile Include="Scenes\SkeletonDead.cpp" />
    <ClCompile Include="Scenes\Transition.cpp" />
    <ClCompile Include="Scenes\TransitionDown.cpp" />
    <ClCompile Include="Scenes\Advice.cpp" />
  </ItemGroup>
  <ItemGroup>
    <ClInclude Include="Framework\Framework.h" />
    <ClInclude Include="Framework\Defines.h" />
    <ClInclude Include="Framework\InputMgr.h" />
    <ClInclude Include="Framework\ResourceMgr.h" />
    <ClInclude Include="Framework\Singleton.h" />
    <ClInclude Include="Framework\Utils.h" />
    <ClInclude Include="GameObject\GameObject.h" />
    <ClInclude Include="pch.h" />
    <ClInclude Include="Scenes\Scene.h" />
    <ClInclude Include="Scenes\SceneDev1.h" />
    <ClInclude Include="Framework\SceneMgr.h" />
    <ClInclude Include="GameObject\SpriteGo.h" />
    <ClInclude Include="GameObject\TextGo.h" />
    <ClInclude Include="Framework\SoundMgr.h" />
    <ClInclude Include="Scenes\Chapter.h" />
    <ClInclude Include="GameObject\Box.h" />
    <ClInclude Include="GameObject\Player.h" />
    <ClInclude Include="GameObject\Demon.h" />
    <ClInclude Include="GameObject\Skeleton.h" />
    <ClInclude Include="Scenes\TitleScene.h" />
    <ClInclude Include="Scenes\CollectDemon.h" />
    <ClInclude Include="Scenes\Pause.h" />
    <ClInclude Include="Framework\Animator.h" />
    <ClInclude Include="Framework\rapidcsv.h" />
    <ClInclude Include="Scenes\SkeletonDead.h" />
    <ClInclude Include="Scenes\Transition.h" />
    <ClInclude Include="Scenes\TransitionDown.h" />
    <ClInclude Include="Scenes\Advice.h" />
  </ItemGroup>
</Project>